
Microsoft Visual Studio Solution File, Format Version 12.00
# Visual Studio Version 16
VisualStudioVersion = 16.0.31025.194
MinimumVisualStudioVersion = 10.0.40219.1
Project("{9A19103F-16F7-4668-BE54-9A1E7A4F7556}") = "AccessTokenValidation", "AccessTokenValidation\AccessTokenValidation.csproj", "{DF867B5D-3A9E-443A-B95E-D8F11E2A88A3}"
EndProject
Project("{9A19103F-16F7-4668-BE54-9A1E7A4F7556}") = "AccessTokenValidation.Tests", "AccessTokenValidation.Tests\AccessTokenValidation.Tests.csproj", "{0243A9FA-E484-43AD-A86C-F399ED79CCF3}"
EndProject
Global
	GlobalSection(SolutionConfigurationPlatforms) = preSolution
		Debug|Any CPU = Debug|Any CPU
		Release|Any CPU = Release|Any CPU
	EndGlobalSection
	GlobalSection(ProjectConfigurationPlatforms) = postSolution
		{DF867B5D-3A9E-443A-B95E-D8F11E2A88A3}.Debug|Any CPU.ActiveCfg = Debug|Any CPU
		{DF867B5D-3A9E-443A-B95E-D8F11E2A88A3}.Debug|Any CPU.Build.0 = Debug|Any CPU
		{DF867B5D-3A9E-443A-B95E-D8F11E2A88A3}.Release|Any CPU.ActiveCfg = Release|Any CPU
		{DF867B5D-3A9E-443A-B95E-D8F11E2A88A3}.Release|Any CPU.Build.0 = Release|Any CPU
		{0243A9FA-E484-43AD-A86C-F399ED79CCF3}.Debug|Any CPU.ActiveCfg = Debug|Any CPU
		{0243A9FA-E484-43AD-A86C-F399ED79CCF3}.Debug|Any CPU.Build.0 = Debug|Any CPU
		{0243A9FA-E484-43AD-A86C-F399ED79CCF3}.Release|Any CPU.ActiveCfg = Release|Any CPU
		{0243A9FA-E484-43AD-A86C-F399ED79CCF3}.Release|Any CPU.Build.0 = Release|Any CPU
	EndGlobalSection
	GlobalSection(SolutionProperties) = preSolution
		HideSolutionNode = FALSE
	EndGlobalSection
	GlobalSection(ExtensibilityGlobals) = postSolution
		SolutionGuid = {14CEFEEB-30BE-45D7-BC54-1CFE46C95DD2}
	EndGlobalSection
EndGlobal
